
Microsoft Visual Studio Solution File, Format Version 12.00
#
Project("{FAE04EC0-301F-11D3-BF4B-00C04F79EFBC}") = "Achievements", "Achievements\Achievements.csproj", "{63D00CDE-A957-434F-9A5E-60BD597D7E6F}"
EndProject
Project("{FAE04EC0-301F-11D3-BF4B-00C04F79EFBC}") = "Tests", "Tests\Tests.csproj", "{163E9467-CCC6-4CA2-B1D8-86E7562CAB89}"
EndProject
Global
	GlobalSection(SolutionConfigurationPlatforms) = preSolution
		Debug|Any CPU = Debug|Any CPU
		Release|Any CPU = Release|Any CPU
	EndGlobalSection
	GlobalSection(ProjectConfigurationPlatforms) = postSolution
		{63D00CDE-A957-434F-9A5E-60BD597D7E6F}.Debug|Any CPU.ActiveCfg = Debug|Any CPU
		{63D00CDE-A957-434F-9A5E-60BD597D7E6F}.Debug|Any CPU.Build.0 = Debug|Any CPU
		{63D00CDE-A957-434F-9A5E-60BD597D7E6F}.Release|Any CPU.ActiveCfg = Release|Any CPU
		{63D00CDE-A957-434F-9A5E-60BD597D7E6F}.Release|Any CPU.Build.0 = Release|Any CPU
		{163E9467-CCC6-4CA2-B1D8-86E7562CAB89}.Debug|Any CPU.ActiveCfg = Debug|Any CPU
		{163E9467-CCC6-4CA2-B1D8-86E7562CAB89}.Debug|Any CPU.Build.0 = Debug|Any CPU
		{163E9467-CCC6-4CA2-B1D8-86E7562CAB89}.Release|Any CPU.ActiveCfg = Release|Any CPU
		{163E9467-CCC6-4CA2-B1D8-86E7562CAB89}.Release|Any CPU.Build.0 = Release|Any CPU
	EndGlobalSection
EndGlobal
